
Microsoft Visual Studio Solution File, Format Version 12.00
# Visual Studio Version 16
VisualStudioVersion = 16.0.30114.105
MinimumVisualStudioVersion = 10.0.40219.1
Project("{FAE04EC0-301F-11D3-BF4B-00C04F79EFBC}") = "CloseWindow", "CloseWindow.csproj", "{AC21E836-F15F-449B-8A33-AADD0B7C958A}"
EndProject
Global
	GlobalSection(SolutionConfigurationPlatforms) = preSolution
		Debug|Any CPU = Debug|Any CPU
		Release|Any CPU = Release|Any CPU
	EndGlobalSection
	GlobalSection(ProjectConfigurationPlatforms) = postSolution
		{AC21E836-F15F-449B-8A33-AADD0B7C958A}.Debug|Any CPU.ActiveCfg = Debug|Any CPU
		{AC21E836-F15F-449B-8A33-AADD0B7C958A}.Debug|Any CPU.Build.0 = Debug|Any CPU
		{AC21E836-F15F-449B-8A33-AADD0B7C958A}.Release|Any CPU.ActiveCfg = Release|Any CPU
		{AC21E836-F15F-449B-8A33-AADD0B7C958A}.Release|Any CPU.Build.0 = Release|Any CPU
	EndGlobalSection
	GlobalSection(SolutionProperties) = preSolution
		HideSolutionNode = FALSE
	EndGlobalSection
	GlobalSection(ExtensibilityGlobals) = postSolution
		SolutionGuid = {2943D7E9-C7C9-41FF-B2B2-F62AEB3975C7}
	EndGlobalSection
EndGlobal
