
Microsoft Visual Studio Solution File, Format Version 12.00
# Visual Studio Version 16
VisualStudioVersion = 16.0.28922.388
MinimumVisualStudioVersion = 10.0.40219.1
Project("{FAE04EC0-301F-11D3-BF4B-00C04F79EFBC}") = "AStockViewer.UI", "AStockViewer.UI\AStockViewer.UI.csproj", "{DAB7837D-57D4-4B24-BF4E-D9DBB26BA917}"
EndProject
Project("{FAE04EC0-301F-11D3-BF4B-00C04F79EFBC}") = "WeakEventPattern", "WeakEventPattern\WeakEventPattern.csproj", "{68359509-11AC-4A65-8220-96E4B35EBEEB}"
EndProject
Global
	GlobalSection(SolutionConfigurationPlatforms) = preSolution
		Debug|Any CPU = Debug|Any CPU
		Release|Any CPU = Release|Any CPU
	EndGlobalSection
	GlobalSection(ProjectConfigurationPlatforms) = postSolution
		{DAB7837D-57D4-4B24-BF4E-D9DBB26BA917}.Debug|Any CPU.ActiveCfg = Debug|Any CPU
		{DAB7837D-57D4-4B24-BF4E-D9DBB26BA917}.Debug|Any CPU.Build.0 = Debug|Any CPU
		{DAB7837D-57D4-4B24-BF4E-D9DBB26BA917}.Release|Any CPU.ActiveCfg = Release|Any CPU
		{DAB7837D-57D4-4B24-BF4E-D9DBB26BA917}.Release|Any CPU.Build.0 = Release|Any CPU
		{68359509-11AC-4A65-8220-96E4B35EBEEB}.Debug|Any CPU.ActiveCfg = Debug|Any CPU
		{68359509-11AC-4A65-8220-96E4B35EBEEB}.Debug|Any CPU.Build.0 = Debug|Any CPU
		{68359509-11AC-4A65-8220-96E4B35EBEEB}.Release|Any CPU.ActiveCfg = Release|Any CPU
		{68359509-11AC-4A65-8220-96E4B35EBEEB}.Release|Any CPU.Build.0 = Release|Any CPU
	EndGlobalSection
	GlobalSection(SolutionProperties) = preSolution
		HideSolutionNode = FALSE
	EndGlobalSection
	GlobalSection(ExtensibilityGlobals) = postSolution
		SolutionGuid = {C884DD5A-7F97-473C-A2E9-A701B973030F}
	EndGlobalSection
EndGlobal
