
Microsoft Visual Studio Solution File, Format Version 12.00
# Visual Studio Version 16
VisualStudioVersion = 16.0.30114.105
MinimumVisualStudioVersion = 10.0.40219.1
Project("{FAE04EC0-301F-11D3-BF4B-00C04F79EFBC}") = "ImmediateWindowDemo", "ImmediateWindowDemo.csproj", "{E3BF103E-5D85-4EEB-9D83-5133C74AE1E4}"
EndProject
Global
	GlobalSection(SolutionConfigurationPlatforms) = preSolution
		Debug|Any CPU = Debug|Any CPU
		Release|Any CPU = Release|Any CPU
	EndGlobalSection
	GlobalSection(ProjectConfigurationPlatforms) = postSolution
		{E3BF103E-5D85-4EEB-9D83-5133C74AE1E4}.Debug|Any CPU.ActiveCfg = Debug|Any CPU
		{E3BF103E-5D85-4EEB-9D83-5133C74AE1E4}.Debug|Any CPU.Build.0 = Debug|Any CPU
		{E3BF103E-5D85-4EEB-9D83-5133C74AE1E4}.Release|Any CPU.ActiveCfg = Release|Any CPU
		{E3BF103E-5D85-4EEB-9D83-5133C74AE1E4}.Release|Any CPU.Build.0 = Release|Any CPU
	EndGlobalSection
	GlobalSection(SolutionProperties) = preSolution
		HideSolutionNode = FALSE
	EndGlobalSection
	GlobalSection(ExtensibilityGlobals) = postSolution
		SolutionGuid = {7EB679E4-7BF1-4CEF-8EBF-DE80D8348769}
	EndGlobalSection
EndGlobal
